<?xml version="1.0" encoding="utf-8"?>
<Project ToolsVersion="12.0" xmlns="http://schemas.microsoft.com/developer/msbuild/2003">
  <ItemGroup>
    <ClInclude Include="$(MSBuildThisFileDirectory)pch.h" />
    <ClInclude Include="$(MSBuildThisFileDirectory)NavigationHelper.h" />
    <ClInclude Include="$(MSBuildThisFileDirectory)include\Xamcc.h">
      <Filter>include</Filter>
    </ClInclude>
    <ClInclude Include="$(MSBuildThisFileDirectory)include\Commands\RelayCommand.h">
      <Filter>include\Commands</Filter>
    </ClInclude>
    <ClInclude Include="$(MSBuildThisFileDirectory)include\DispatcherHelper.h">
      <Filter>include</Filter>
    </ClInclude>
    <ClInclude Include="$(MSBuildThisFileDirectory)include\DependencyObjectPreprocessor.h">
      <Filter>include</Filter>
    </ClInclude>
    <ClInclude Include="$(MSBuildThisFileDirectory)include\ViewModelHelper.h">
      <Filter>include</Filter>
    </ClInclude>
    <ClInclude Include="$(MSBuildThisFileDirectory)Converters\BooleanToVisibilityConverter.h">
      <Filter>Converters</Filter>
    </ClInclude>
    <ClInclude Include="$(MSBuildThisFileDirectory)Controls\VisualTreeHelper2.h">
      <Filter>Controls</Filter>
    </ClInclude>
    <ClInclude Include="$(MSBuildThisFileDirectory)include\DependencyObjectCollectionCpp.h">
      <Filter>include</Filter>
    </ClInclude>
  </ItemGroup>
  <ItemGroup>
    <ClCompile Include="$(MSBuildThisFileDirectory)pch.cpp">
      <PrecompiledHeader>Create</PrecompiledHeader>
    </ClCompile>
    <ClCompile Include="$(MSBuildThisFileDirectory)NavigationHelper.cpp" />
    <ClCompile Include="$(MSBuildThisFileDirectory)Converters\BooleanToVisibilityConverter.cpp">
      <Filter>Converters</Filter>
    </ClCompile>
    <ClCompile Include="$(MSBuildThisFileDirectory)Controls\VisualTreeHelper2.cpp">
      <Filter>Controls</Filter>
    </ClCompile>
  </ItemGroup>
  <ItemGroup>
    <Filter Include="include">
      <UniqueIdentifier>{e2ec5d88-eee6-4c42-a0d2-7ebd25a65b7c}</UniqueIdentifier>
    </Filter>
    <Filter Include="include\Commands">
      <UniqueIdentifier>{c6c44209-1266-4dab-b5fc-c73898ce8fe2}</UniqueIdentifier>
    </Filter>
    <Filter Include="Converters">
      <UniqueIdentifier>{9bed6a68-ab37-470a-a408-b3b95f6d0b2a}</UniqueIdentifier>
    </Filter>
    <Filter Include="Controls">
      <UniqueIdentifier>{e7c3df91-9aab-42a9-aaff-7a47482e7bc1}</UniqueIdentifier>
    </Filter>
  </ItemGroup>
</Project>