<?xml version="1.0" encoding="utf-8"?>
<Project ToolsVersion="12.0" xmlns="http://schemas.microsoft.com/developer/msbuild/2003">
  <ItemGroup>
    <ClInclude Include="$(MSBuildThisFileDirectory)pch.h" />
    <ClInclude Include="$(MSBuildThisFileDirectory)NavigationHelper.h" />
    <ClInclude Include="$(MSBuildThisFileDirectory)include\Xamcc.h">
      <Filter>include</Filter>
    </ClInclude>
    <ClInclude Include="$(MSBuildThisFileDirectory)include\Commands\RelayCommand.h">
      <Filter>include\Commands</Filter>
    </ClInclude>
    <ClInclude Include="$(MSBuildThisFileDirectory)include\DispatcherHelper.h">
      <Filter>include</Filter>
    </ClInclude>
    <ClInclude Include="$(MSBuildThisFileDirectory)include\ViewModelHelper.h">
      <Filter>include</Filter>
    </ClInclude>
    <ClInclude Include="$(MSBuildThisFileDirectory)Converters\BooleanToVisibilityConverter.h">
      <Filter>Converters</Filter>
    </ClInclude>
    <ClInclude Include="$(MSBuildThisFileDirectory)Controls\VisualTreeHelper2.h">
      <Filter>Controls</Filter>
    </ClInclude>
    <ClInclude Include="$(MSBuildThisFileDirectory)include\DependencyObjectCollectionCpp.h">
      <Filter>include</Filter>
    </ClInclude>
    <ClInclude Include="$(MSBuildThisFileDirectory)Converters\BooleanToNegativeBooleanConverter.h">
      <Filter>Converters</Filter>
    </ClInclude>
    <ClInclude Include="$(MSBuildThisFileDirectory)Converters\Int32ComparisonToBooleanConveter.h">
      <Filter>Converters</Filter>
    </ClInclude>
    <ClInclude Include="$(MSBuildThisFileDirectory)Converters\Int32ComparisonToVisibilityConveter.h">
      <Filter>Converters</Filter>
    </ClInclude>
    <ClInclude Include="$(MSBuildThisFileDirectory)Foundation\TimeSpanHelper.h">
      <Filter>Foundation</Filter>
    </ClInclude>
    <ClInclude Include="$(MSBuildThisFileDirectory)include\Foundation\EventWrapper.h">
      <Filter>include\Foundation</Filter>
    </ClInclude>
    <ClInclude Include="$(MSBuildThisFileDirectory)include\Foundation\TimeSpanReference.h">
      <Filter>include\Foundation</Filter>
    </ClInclude>
    <ClInclude Include="$(MSBuildThisFileDirectory)include\Preprocessor\PropertyPreprocessor.h">
      <Filter>include\Preprocessor</Filter>
    </ClInclude>
    <ClInclude Include="$(MSBuildThisFileDirectory)include\Preprocessor\DependencyObjectPreprocessor.h">
      <Filter>include\Preprocessor</Filter>
    </ClInclude>
    <ClInclude Include="$(MSBuildThisFileDirectory)include\Commands\RelayCommand.generic.h">
      <Filter>include\Commands</Filter>
    </ClInclude>
    <ClInclude Include="$(MSBuildThisFileDirectory)Converters\NumberComparisonToBooleanConveter.h">
      <Filter>Converters</Filter>
    </ClInclude>
    <ClInclude Include="$(MSBuildThisFileDirectory)Converters\ComparisonType.h">
      <Filter>Converters</Filter>
    </ClInclude>
    <ClInclude Include="$(MSBuildThisFileDirectory)Converters\NumberType.h">
      <Filter>Converters</Filter>
    </ClInclude>
    <ClInclude Include="$(MSBuildThisFileDirectory)Converters\NumberComparisonToVisibilityConveter.h">
      <Filter>Converters</Filter>
    </ClInclude>
    <ClInclude Include="$(MSBuildThisFileDirectory)number_cast.h">
      <Filter>internal</Filter>
    </ClInclude>
    <ClInclude Include="$(MSBuildThisFileDirectory)Controls\TypedDataTemplateSelector.h">
      <Filter>Controls</Filter>
    </ClInclude>
  </ItemGroup>
  <ItemGroup>
    <ClCompile Include="$(MSBuildThisFileDirectory)pch.cpp">
      <PrecompiledHeader>Create</PrecompiledHeader>
    </ClCompile>
    <ClCompile Include="$(MSBuildThisFileDirectory)NavigationHelper.cpp" />
    <ClCompile Include="$(MSBuildThisFileDirectory)Converters\BooleanToVisibilityConverter.cpp">
      <Filter>Converters</Filter>
    </ClCompile>
    <ClCompile Include="$(MSBuildThisFileDirectory)Controls\VisualTreeHelper2.cpp">
      <Filter>Controls</Filter>
    </ClCompile>
    <ClCompile Include="$(MSBuildThisFileDirectory)Converters\BooleanToNegativeBooleanConverter.cpp">
      <Filter>Converters</Filter>
    </ClCompile>
    <ClCompile Include="$(MSBuildThisFileDirectory)Converters\Int32ComparisonToBooleanConveter.cpp">
      <Filter>Converters</Filter>
    </ClCompile>
    <ClCompile Include="$(MSBuildThisFileDirectory)Converters\Int32ComparisonToVisibilityConveter.cpp">
      <Filter>Converters</Filter>
    </ClCompile>
    <ClCompile Include="$(MSBuildThisFileDirectory)Foundation\TimeSpanHelper.cpp">
      <Filter>Foundation</Filter>
    </ClCompile>
    <ClCompile Include="$(MSBuildThisFileDirectory)Converters\NumberComparisonToBooleanConveter.cpp">
      <Filter>Converters</Filter>
    </ClCompile>
    <ClCompile Include="$(MSBuildThisFileDirectory)Converters\NumberComparisonToVisibilityConveter.cpp">
      <Filter>Converters</Filter>
    </ClCompile>
    <ClCompile Include="$(MSBuildThisFileDirectory)Controls\TypedDataTemplateSelector.cpp">
      <Filter>Controls</Filter>
    </ClCompile>
  </ItemGroup>
  <ItemGroup>
    <Filter Include="include">
      <UniqueIdentifier>{e2ec5d88-eee6-4c42-a0d2-7ebd25a65b7c}</UniqueIdentifier>
    </Filter>
    <Filter Include="include\Commands">
      <UniqueIdentifier>{c6c44209-1266-4dab-b5fc-c73898ce8fe2}</UniqueIdentifier>
    </Filter>
    <Filter Include="Converters">
      <UniqueIdentifier>{9bed6a68-ab37-470a-a408-b3b95f6d0b2a}</UniqueIdentifier>
    </Filter>
    <Filter Include="Controls">
      <UniqueIdentifier>{e7c3df91-9aab-42a9-aaff-7a47482e7bc1}</UniqueIdentifier>
    </Filter>
    <Filter Include="Foundation">
      <UniqueIdentifier>{3c9f9488-f747-4abf-9fe9-09c56f3c4af6}</UniqueIdentifier>
    </Filter>
    <Filter Include="include\Foundation">
      <UniqueIdentifier>{7fad35dc-99fa-4105-acf1-2ec32765c0eb}</UniqueIdentifier>
    </Filter>
    <Filter Include="include\Preprocessor">
      <UniqueIdentifier>{af1aecc9-3507-49e6-a091-5a9c945f676f}</UniqueIdentifier>
    </Filter>
    <Filter Include="internal">
      <UniqueIdentifier>{cc1c764d-f47b-48bc-ab2c-ac41b0b91149}</UniqueIdentifier>
    </Filter>
  </ItemGroup>
</Project>