<?xml version="1.0" encoding="utf-8"?>
<Project ToolsVersion="12.0" xmlns="http://schemas.microsoft.com/developer/msbuild/2003">
  <ItemGroup>
    <ClCompile Include="$(MSBuildThisFileDirectory)pch.cpp" />
    <ClCompile Include="$(MSBuildThisFileDirectory)BooleanToNegativeBooleanConverterUnitTest.cpp">
      <Filter>Converters</Filter>
    </ClCompile>
    <ClCompile Include="$(MSBuildThisFileDirectory)BooleanToVisibilityConverterUnitTest.cpp">
      <Filter>Converters</Filter>
    </ClCompile>
    <ClCompile Include="$(MSBuildThisFileDirectory)Int32ComparisonToBooleanConveterUnitTest.cpp">
      <Filter>Converters</Filter>
    </ClCompile>
    <ClCompile Include="$(MSBuildThisFileDirectory)Int32ComparisonToVisibilityConveterUnitTest.cpp">
      <Filter>Converters</Filter>
    </ClCompile>
    <ClCompile Include="$(MSBuildThisFileDirectory)NumberComparisonToBooleanConveterUnitTest.cpp">
      <Filter>Converters</Filter>
    </ClCompile>
    <ClCompile Include="$(MSBuildThisFileDirectory)NumberComparisonToVisibilityConveterUnitTest.cpp">
      <Filter>Converters</Filter>
    </ClCompile>
  </ItemGroup>
  <ItemGroup>
    <ClInclude Include="$(MSBuildThisFileDirectory)pch.h" />
  </ItemGroup>
  <ItemGroup>
    <Filter Include="Converters">
      <UniqueIdentifier>{bbedca80-e705-411c-a5c3-e817cddeaaa8}</UniqueIdentifier>
    </Filter>
  </ItemGroup>
</Project>