<?xml version="1.0" encoding="utf-8"?>
<Project ToolsVersion="12.0" xmlns="http://schemas.microsoft.com/developer/msbuild/2003">
  <ItemGroup>
    <CLCompile Include="$(MSBuildThisFileDirectory)App.xaml.cpp" />
    <ClInclude Include="$(MSBuildThisFileDirectory)App.xaml.h" />
    <CLCompile Include="$(MSBuildThisFileDirectory)pch.cpp" />
    <ClInclude Include="$(MSBuildThisFileDirectory)pch.h" />
    <ClCompile Include="$(MSBuildThisFileDirectory)ViewModels\ViewModelLocator.cpp">
      <Filter>ViewModels</Filter>
    </ClCompile>
    <ClCompile Include="$(MSBuildThisFileDirectory)ViewModels\MainPageViewModel.cpp">
      <Filter>ViewModels</Filter>
    </ClCompile>
    <ClCompile Include="$(MSBuildThisFileDirectory)Core\DataProcessor.cpp">
      <Filter>Core</Filter>
    </ClCompile>
  </ItemGroup>
  <ItemGroup>
    <ApplicationDefinition Include="$(MSBuildThisFileDirectory)App.xaml" />
  </ItemGroup>
  <ItemGroup>
    <Filter Include="ViewModels">
      <UniqueIdentifier>{d6fc1b5e-90bb-4cbc-b064-84b11fd35074}</UniqueIdentifier>
    </Filter>
    <Filter Include="Core">
      <UniqueIdentifier>{5754d7d3-9a23-44cd-bf05-9c741988ca12}</UniqueIdentifier>
    </Filter>
  </ItemGroup>
  <ItemGroup>
    <ClInclude Include="$(MSBuildThisFileDirectory)ViewModels\ViewModelLocator.h">
      <Filter>ViewModels</Filter>
    </ClInclude>
    <ClInclude Include="$(MSBuildThisFileDirectory)ViewModels\MainPageViewModel.h">
      <Filter>ViewModels</Filter>
    </ClInclude>
    <ClInclude Include="$(MSBuildThisFileDirectory)Core\DataProcessor.h">
      <Filter>Core</Filter>
    </ClInclude>
  </ItemGroup>
</Project>